
Microsoft Visual Studio Solution File, Format Version 12.00
# Visual Studio Version 16
VisualStudioVersion = 16.0.28922.388
MinimumVisualStudioVersion = 10.0.40219.1
Project("{8BC9CEB8-8B4A-11D0-8D11-00A0C91BC942}") = "pi_servo_interface", "pi_servo_interface\pi_servo_interface.vcxproj", "{C8B1EE4B-99F2-40F4-A634-A4C580E5555B}"
EndProject
Global
	GlobalSection(SolutionConfigurationPlatforms) = preSolution
		Debug|x64 = Debug|x64
		Debug|x86 = Debug|x86
		Release|x64 = Release|x64
		Release|x86 = Release|x86
	EndGlobalSection
	GlobalSection(ProjectConfigurationPlatforms) = postSolution
		{C8B1EE4B-99F2-40F4-A634-A4C580E5555B}.Debug|x64.ActiveCfg = Debug|x64
		{C8B1EE4B-99F2-40F4-A634-A4C580E5555B}.Debug|x64.Build.0 = Debug|x64
		{C8B1EE4B-99F2-40F4-A634-A4C580E5555B}.Debug|x86.ActiveCfg = Debug|Win32
		{C8B1EE4B-99F2-40F4-A634-A4C580E5555B}.Debug|x86.Build.0 = Debug|Win32
		{C8B1EE4B-99F2-40F4-A634-A4C580E5555B}.Release|x64.ActiveCfg = Release|x64
		{C8B1EE4B-99F2-40F4-A634-A4C580E5555B}.Release|x64.Build.0 = Release|x64
		{C8B1EE4B-99F2-40F4-A634-A4C580E5555B}.Release|x86.ActiveCfg = Release|Win32
		{C8B1EE4B-99F2-40F4-A634-A4C580E5555B}.Release|x86.Build.0 = Release|Win32
	EndGlobalSection
	GlobalSection(SolutionProperties) = preSolution
		HideSolutionNode = FALSE
	EndGlobalSection
	GlobalSection(ExtensibilityGlobals) = postSolution
		SolutionGuid = {28A51AE6-BB94-46E9-9C33-D66A1DF10C9A}
	EndGlobalSection
EndGlobal
